# This file is automatically @generated by Cargo.
# It is not intended for manual editing.
version = 4

[[package]]
name = "aoclib"
version = "0.1.0"
source = "git+https://github.com/UncleScientist/aoclib-rs.git#e7a40ca81dfb1bdff0ae7ce1423edb3af0755d20"

[[package]]
name = "day01"
version = "0.1.0"
dependencies = [
 "aoclib",
]

[[package]]
name = "day02"
version = "0.1.0"
dependencies = [
 "aoclib",
]

[[package]]
name = "day03"
version = "0.1.0"
dependencies = [
 "aoclib",
]

[[package]]
name = "day04"
version = "0.1.0"
dependencies = [
 "aoclib",
]

[[package]]
name = "day05"
version = "0.1.0"
dependencies = [
 "aoclib",
]

[[package]]
name = "day06"
version = "0.1.0"
dependencies = [
 "aoclib",
]

[[package]]
name = "day07"
version = "0.1.0"
dependencies = [
 "aoclib",
]

[[package]]
name = "day08"
version = "0.1.0"
dependencies = [
 "aoclib",
]

[[package]]
name = "day09"
version = "0.1.0"
dependencies = [
 "aoclib",
]

[[package]]
name = "day10"
version = "0.1.0"
dependencies = [
 "aoclib",
]

[[package]]
name = "day11"
version = "0.1.0"
dependencies = [
 "aoclib",
]

[[package]]
name = "day12"
version = "0.1.0"
dependencies = [
 "aoclib",
]

[[package]]
name = "day13"
version = "0.1.0"
dependencies = [
 "aoclib",
]

[[package]]
name = "day14"
version = "0.1.0"
dependencies = [
 "aoclib",
]

[[package]]
name = "day15"
version = "0.1.0"
dependencies = [
 "aoclib",
]

[[package]]
name = "day16"
version = "0.1.0"
dependencies = [
 "aoclib",
]
