# This file is automatically @generated by Cargo.
# It is not intended for manual editing.
version = 4

[[package]]
name = "aoclib"
version = "0.1.0"
source = "git+https://github.com/UncleScientist/aoclib-rs.git#c2e837b2977350e65dcd23e2e2201d138327a655"

[[package]]
name = "day01"
version = "0.1.0"
dependencies = [
 "aoclib",
]

[[package]]
name = "day02"
version = "0.1.0"
dependencies = [
 "aoclib",
]

[[package]]
name = "day03"
version = "0.1.0"
dependencies = [
 "aoclib",
]

[[package]]
name = "day04"
version = "0.1.0"
dependencies = [
 "aoclib",
]

[[package]]
name = "day05"
version = "0.1.0"
dependencies = [
 "aoclib",
]

[[package]]
name = "day06"
version = "0.1.0"
dependencies = [
 "aoclib",
]

[[package]]
name = "day07"
version = "0.1.0"
dependencies = [
 "aoclib",
]

[[package]]
name = "day08"
version = "0.1.0"
dependencies = [
 "aoclib",
]

[[package]]
name = "day09"
version = "0.1.0"
dependencies = [
 "aoclib",
]
